
Microsoft Visual Studio Solution File, Format Version 12.00
# Visual Studio Version 17
VisualStudioVersion = 17.4.33122.133
MinimumVisualStudioVersion = 10.0.40219.1
Project("{FAE04EC0-301F-11D3-BF4B-00C04F79EFBC}") = "28-12-2022", "28-12-2022\28-12-2022.csproj", "{FE50F515-624A-4EDD-B6D5-FA6F62C01D7F}"
EndProject
Global
	GlobalSection(SolutionConfigurationPlatforms) = preSolution
		Debug|Any CPU = Debug|Any CPU
		Release|Any CPU = Release|Any CPU
	EndGlobalSection
	GlobalSection(ProjectConfigurationPlatforms) = postSolution
		{FE50F515-624A-4EDD-B6D5-FA6F62C01D7F}.Debug|Any CPU.ActiveCfg = Debug|Any CPU
		{FE50F515-624A-4EDD-B6D5-FA6F62C01D7F}.Debug|Any CPU.Build.0 = Debug|Any CPU
		{FE50F515-624A-4EDD-B6D5-FA6F62C01D7F}.Release|Any CPU.ActiveCfg = Release|Any CPU
		{FE50F515-624A-4EDD-B6D5-FA6F62C01D7F}.Release|Any CPU.Build.0 = Release|Any CPU
	EndGlobalSection
	GlobalSection(SolutionProperties) = preSolution
		HideSolutionNode = FALSE
	EndGlobalSection
	GlobalSection(ExtensibilityGlobals) = postSolution
		SolutionGuid = {60C3EDDA-665D-4771-AA8B-1CB17C8235DF}
	EndGlobalSection
EndGlobal
