
Microsoft Visual Studio Solution File, Format Version 12.00
# Visual Studio Version 17
VisualStudioVersion = 17.4.33122.133
MinimumVisualStudioVersion = 10.0.40219.1
Project("{FAE04EC0-301F-11D3-BF4B-00C04F79EFBC}") = "practice15-12", "practice15-12\practice15-12.csproj", "{B7488F49-F035-4612-9455-55D6602389AB}"
EndProject
Global
	GlobalSection(SolutionConfigurationPlatforms) = preSolution
		Debug|Any CPU = Debug|Any CPU
		Release|Any CPU = Release|Any CPU
	EndGlobalSection
	GlobalSection(ProjectConfigurationPlatforms) = postSolution
		{B7488F49-F035-4612-9455-55D6602389AB}.Debug|Any CPU.ActiveCfg = Debug|Any CPU
		{B7488F49-F035-4612-9455-55D6602389AB}.Debug|Any CPU.Build.0 = Debug|Any CPU
		{B7488F49-F035-4612-9455-55D6602389AB}.Release|Any CPU.ActiveCfg = Release|Any CPU
		{B7488F49-F035-4612-9455-55D6602389AB}.Release|Any CPU.Build.0 = Release|Any CPU
	EndGlobalSection
	GlobalSection(SolutionProperties) = preSolution
		HideSolutionNode = FALSE
	EndGlobalSection
	GlobalSection(ExtensibilityGlobals) = postSolution
		SolutionGuid = {66643F76-1027-4FF7-8CF8-FC6A9E888FE5}
	EndGlobalSection
EndGlobal
