
Microsoft Visual Studio Solution File, Format Version 12.00
# Visual Studio Version 17
VisualStudioVersion = 17.4.33122.133
MinimumVisualStudioVersion = 10.0.40219.1
Project("{FAE04EC0-301F-11D3-BF4B-00C04F79EFBC}") = "2-1-2023", "2-1-2023\2-1-2023.csproj", "{10706E2D-272A-4F59-82FE-7FFF7753742E}"
EndProject
Global
	GlobalSection(SolutionConfigurationPlatforms) = preSolution
		Debug|Any CPU = Debug|Any CPU
		Release|Any CPU = Release|Any CPU
	EndGlobalSection
	GlobalSection(ProjectConfigurationPlatforms) = postSolution
		{10706E2D-272A-4F59-82FE-7FFF7753742E}.Debug|Any CPU.ActiveCfg = Debug|Any CPU
		{10706E2D-272A-4F59-82FE-7FFF7753742E}.Debug|Any CPU.Build.0 = Debug|Any CPU
		{10706E2D-272A-4F59-82FE-7FFF7753742E}.Release|Any CPU.ActiveCfg = Release|Any CPU
		{10706E2D-272A-4F59-82FE-7FFF7753742E}.Release|Any CPU.Build.0 = Release|Any CPU
	EndGlobalSection
	GlobalSection(SolutionProperties) = preSolution
		HideSolutionNode = FALSE
	EndGlobalSection
	GlobalSection(ExtensibilityGlobals) = postSolution
		SolutionGuid = {1E99793B-6278-4323-8E37-E44DDDADDD73}
	EndGlobalSection
EndGlobal
