
Microsoft Visual Studio Solution File, Format Version 12.00
# Visual Studio Version 17
VisualStudioVersion = 17.4.33122.133
MinimumVisualStudioVersion = 10.0.40219.1
Project("{FAE04EC0-301F-11D3-BF4B-00C04F79EFBC}") = "5-1Task", "5-1Task\5-1Task.csproj", "{C605C848-A076-4A75-A9DC-7F01058CEBA9}"
EndProject
Global
	GlobalSection(SolutionConfigurationPlatforms) = preSolution
		Debug|Any CPU = Debug|Any CPU
		Release|Any CPU = Release|Any CPU
	EndGlobalSection
	GlobalSection(ProjectConfigurationPlatforms) = postSolution
		{C605C848-A076-4A75-A9DC-7F01058CEBA9}.Debug|Any CPU.ActiveCfg = Debug|Any CPU
		{C605C848-A076-4A75-A9DC-7F01058CEBA9}.Debug|Any CPU.Build.0 = Debug|Any CPU
		{C605C848-A076-4A75-A9DC-7F01058CEBA9}.Release|Any CPU.ActiveCfg = Release|Any CPU
		{C605C848-A076-4A75-A9DC-7F01058CEBA9}.Release|Any CPU.Build.0 = Release|Any CPU
	EndGlobalSection
	GlobalSection(SolutionProperties) = preSolution
		HideSolutionNode = FALSE
	EndGlobalSection
	GlobalSection(ExtensibilityGlobals) = postSolution
		SolutionGuid = {2AD7C6B2-CB9A-41D5-AE96-5DBDD8E692A0}
	EndGlobalSection
EndGlobal
